
Microsoft Visual Studio Solution File, Format Version 12.00
# Visual Studio Version 17
VisualStudioVersion = 17.12.35728.132 d17.12
MinimumVisualStudioVersion = 10.0.40219.1
Project("{FAE04EC0-301F-11D3-BF4B-00C04F79EFBC}") = "Angular_and_Core_API.Server", "Angular_and_Core_API.Server\Angular_and_Core_API.Server.csproj", "{80673419-0740-4194-9950-455DE8AE6D73}"
EndProject
Project("{54A90642-561A-4BB1-A94E-469ADEE60C69}") = "angular_and_core_api.client", "angular_and_core_api.client\angular_and_core_api.client.esproj", "{3B54EA2C-3BDF-49BC-A00A-1A782B53702F}"
EndProject
Global
	GlobalSection(SolutionConfigurationPlatforms) = preSolution
		Debug|Any CPU = Debug|Any CPU
		Release|Any CPU = Release|Any CPU
	EndGlobalSection
	GlobalSection(ProjectConfigurationPlatforms) = postSolution
		{80673419-0740-4194-9950-455DE8AE6D73}.Debug|Any CPU.ActiveCfg = Debug|Any CPU
		{80673419-0740-4194-9950-455DE8AE6D73}.Debug|Any CPU.Build.0 = Debug|Any CPU
		{80673419-0740-4194-9950-455DE8AE6D73}.Release|Any CPU.ActiveCfg = Release|Any CPU
		{80673419-0740-4194-9950-455DE8AE6D73}.Release|Any CPU.Build.0 = Release|Any CPU
		{3B54EA2C-3BDF-49BC-A00A-1A782B53702F}.Debug|Any CPU.ActiveCfg = Debug|Any CPU
		{3B54EA2C-3BDF-49BC-A00A-1A782B53702F}.Debug|Any CPU.Build.0 = Debug|Any CPU
		{3B54EA2C-3BDF-49BC-A00A-1A782B53702F}.Debug|Any CPU.Deploy.0 = Debug|Any CPU
		{3B54EA2C-3BDF-49BC-A00A-1A782B53702F}.Release|Any CPU.ActiveCfg = Release|Any CPU
		{3B54EA2C-3BDF-49BC-A00A-1A782B53702F}.Release|Any CPU.Build.0 = Release|Any CPU
		{3B54EA2C-3BDF-49BC-A00A-1A782B53702F}.Release|Any CPU.Deploy.0 = Release|Any CPU
	EndGlobalSection
	GlobalSection(SolutionProperties) = preSolution
		HideSolutionNode = FALSE
	EndGlobalSection
EndGlobal
